
Microsoft Visual Studio Solution File, Format Version 12.00
# Visual Studio Version 17
VisualStudioVersion = 17.10.35122.118
MinimumVisualStudioVersion = 10.0.40219.1
Project("{FAE04EC0-301F-11D3-BF4B-00C04F79EFBC}") = "AmitdPrestamo", "AmitdPrestamo\AmitdPrestamo.csproj", "{955C8D4B-6984-4057-B0A8-167D92680D3F}"
EndProject
Global
	GlobalSection(SolutionConfigurationPlatforms) = preSolution
		Debug|Any CPU = Debug|Any CPU
		Release|Any CPU = Release|Any CPU
	EndGlobalSection
	GlobalSection(ProjectConfigurationPlatforms) = postSolution
		{955C8D4B-6984-4057-B0A8-167D92680D3F}.Debug|Any CPU.ActiveCfg = Debug|Any CPU
		{955C8D4B-6984-4057-B0A8-167D92680D3F}.Debug|Any CPU.Build.0 = Debug|Any CPU
		{955C8D4B-6984-4057-B0A8-167D92680D3F}.Release|Any CPU.ActiveCfg = Release|Any CPU
		{955C8D4B-6984-4057-B0A8-167D92680D3F}.Release|Any CPU.Build.0 = Release|Any CPU
	EndGlobalSection
	GlobalSection(SolutionProperties) = preSolution
		HideSolutionNode = FALSE
	EndGlobalSection
	GlobalSection(ExtensibilityGlobals) = postSolution
		SolutionGuid = {142502EE-A8E4-479B-92CF-BCEBF29F82E7}
	EndGlobalSection
EndGlobal
